
Microsoft Visual Studio Solution File, Format Version 12.00
# Visual Studio Version 17
VisualStudioVersion = 17.6.33815.320
MinimumVisualStudioVersion = 10.0.40219.1
Project("{FAE04EC0-301F-11D3-BF4B-00C04F79EFBC}") = "ValueCalculationProgram", "ValueCalculationProgram\ValueCalculationProgram.csproj", "{DB37DA4E-28B9-4640-97E7-E31F2927E4DC}"
EndProject
Global
	GlobalSection(SolutionConfigurationPlatforms) = preSolution
		Debug|Any CPU = Debug|Any CPU
		Release|Any CPU = Release|Any CPU
	EndGlobalSection
	GlobalSection(ProjectConfigurationPlatforms) = postSolution
		{DB37DA4E-28B9-4640-97E7-E31F2927E4DC}.Debug|Any CPU.ActiveCfg = Debug|Any CPU
		{DB37DA4E-28B9-4640-97E7-E31F2927E4DC}.Debug|Any CPU.Build.0 = Debug|Any CPU
		{DB37DA4E-28B9-4640-97E7-E31F2927E4DC}.Release|Any CPU.ActiveCfg = Release|Any CPU
		{DB37DA4E-28B9-4640-97E7-E31F2927E4DC}.Release|Any CPU.Build.0 = Release|Any CPU
	EndGlobalSection
	GlobalSection(SolutionProperties) = preSolution
		HideSolutionNode = FALSE
	EndGlobalSection
	GlobalSection(ExtensibilityGlobals) = postSolution
		SolutionGuid = {AD3CBFE7-3D04-4780-A798-FD5CC3A43B5F}
	EndGlobalSection
EndGlobal
